
Microsoft Visual Studio Solution File, Format Version 12.00
# Visual Studio Version 17
VisualStudioVersion = 17.11.35222.181
MinimumVisualStudioVersion = 10.0.40219.1
Project("{FAE04EC0-301F-11D3-BF4B-00C04F79EFBC}") = "Kassasystemet 1.2", "Kassasystemet 1.2\Kassasystemet 1.2.csproj", "{DB627B32-6701-484D-8846-31050FCAAD10}"
EndProject
Global
	GlobalSection(SolutionConfigurationPlatforms) = preSolution
		Debug|Any CPU = Debug|Any CPU
		Release|Any CPU = Release|Any CPU
	EndGlobalSection
	GlobalSection(ProjectConfigurationPlatforms) = postSolution
		{DB627B32-6701-484D-8846-31050FCAAD10}.Debug|Any CPU.ActiveCfg = Debug|Any CPU
		{DB627B32-6701-484D-8846-31050FCAAD10}.Debug|Any CPU.Build.0 = Debug|Any CPU
		{DB627B32-6701-484D-8846-31050FCAAD10}.Release|Any CPU.ActiveCfg = Release|Any CPU
		{DB627B32-6701-484D-8846-31050FCAAD10}.Release|Any CPU.Build.0 = Release|Any CPU
	EndGlobalSection
	GlobalSection(SolutionProperties) = preSolution
		HideSolutionNode = FALSE
	EndGlobalSection
	GlobalSection(ExtensibilityGlobals) = postSolution
		SolutionGuid = {EEB169C0-FA08-4825-B634-CEF480ED71D8}
	EndGlobalSection
EndGlobal
